// !$*UTF8*$!
{
	archiveVersion = 1;
	classes = {
	};
	objectVersion = 46;
	objects = {

/* Begin PBXBuildFile section */
		5515C23E1E3A219B00DCA061 /* main.m in Sources */ = {isa = PBXBuildFile; fileRef = 5515C23D1E3A219B00DCA061 /* main.m */; };
		5515C2411E3A219B00DCA061 /* AppDelegate.m in Sources */ = {isa = PBXBuildFile; fileRef = 5515C2401E3A219B00DCA061 /* AppDelegate.m */; };
		5515C2441E3A219B00DCA061 /* ViewController.m in Sources */ = {isa = PBXBuildFile; fileRef = 5515C2431E3A219B00DCA061 /* ViewController.m */; };
		5515C2471E3A219B00DCA061 /* Main.storyboard in Resources */ = {isa = PBXBuildFile; fileRef = 5515C2451E3A219B00DCA061 /* Main.storyboard */; };
		5515C2491E3A219B00DCA061 /* Assets.xcassets in Resources */ = {isa = PBXBuildFile; fileRef = 5515C2481E3A219B00DCA061 /* Assets.xcassets */; };
		5515C24C1E3A219B00DCA061 /* LaunchScreen.storyboard in Resources */ = {isa = PBXBuildFile; fileRef = 5515C24A1E3A219B00DCA061 /* LaunchScreen.storyboard */; };
		5559AD9E1E3DAFD5007D7601 /* AESCrypt.m in Sources */ = {isa = PBXBuildFile; fileRef = 5559AD971E3DAFD5007D7601 /* AESCrypt.m */; };
		5559AD9F1E3DAFD5007D7601 /* NSData+Base64.m in Sources */ = {isa = PBXBuildFile; fileRef = 5559AD991E3DAFD5007D7601 /* NSData+Base64.m */; };
		5559ADA01E3DAFD5007D7601 /* NSData+CommonCrypto.m in Sources */ = {isa = PBXBuildFile; fileRef = 5559AD9B1E3DAFD5007D7601 /* NSData+CommonCrypto.m */; };
		5559ADA11E3DAFD5007D7601 /* NSString+Base64.m in Sources */ = {isa = PBXBuildFile; fileRef = 5559AD9D1E3DAFD5007D7601 /* NSString+Base64.m */; };
/* End PBXBuildFile section */

/* Begin PBXFileReference section */
		5515C2391E3A219B00DCA061 /* UnCrackable Level 2.app */ = {isa = PBXFileReference; explicitFileType = wrapper.application; includeInIndex = 0; path = "UnCrackable Level 2.app"; sourceTree = BUILT_PRODUCTS_DIR; };
		5515C23D1E3A219B00DCA061 /* main.m */ = {isa = PBXFileReference; lastKnownFileType = sourcecode.c.objc; path = main.m; sourceTree = "<group>"; };
		5515C23F1E3A219B00DCA061 /* AppDelegate.h */ = {isa = PBXFileReference; lastKnownFileType = sourcecode.c.h; path = AppDelegate.h; sourceTree = "<group>"; };
		5515C2401E3A219B00DCA061 /* AppDelegate.m */ = {isa = PBXFileReference; lastKnownFileType = sourcecode.c.objc; path = AppDelegate.m; sourceTree = "<group>"; };
		5515C2421E3A219B00DCA061 /* ViewController.h */ = {isa = PBXFileReference; lastKnownFileType = sourcecode.c.h; path = ViewController.h; sourceTree = "<group>"; };
		5515C2431E3A219B00DCA061 /* ViewController.m */ = {isa = PBXFileReference; lastKnownFileType = sourcecode.c.objc; path = ViewController.m; sourceTree = "<group>"; };
		5515C2461E3A219B00DCA061 /* Base */ = {isa = PBXFileReference; lastKnownFileType = file.storyboard; name = Base; path = Base.lproj/Main.storyboard; sourceTree = "<group>"; };
		5515C2481E3A219B00DCA061 /* Assets.xcassets */ = {isa = PBXFileReference; lastKnownFileType = folder.assetcatalog; path = Assets.xcassets; sourceTree = "<group>"; };
		5515C24B1E3A219B00DCA061 /* Base */ = {isa = PBXFileReference; lastKnownFileType = file.storyboard; name = Base; path = Base.lproj/LaunchScreen.storyboard; sourceTree = "<group>"; };
		5515C24D1E3A219B00DCA061 /* Info.plist */ = {isa = PBXFileReference; lastKnownFileType = text.plist.xml; path = Info.plist; sourceTree = "<group>"; };
		5559AD961E3DAFD5007D7601 /* AESCrypt.h */ = {isa = PBXFileReference; fileEncoding = 4; lastKnownFileType = sourcecode.c.h; path = AESCrypt.h; sourceTree = "<group>"; };
		5559AD971E3DAFD5007D7601 /* AESCrypt.m */ = {isa = PBXFileReference; fileEncoding = 4; lastKnownFileType = sourcecode.c.objc; path = AESCrypt.m; sourceTree = "<group>"; };
		5559AD981E3DAFD5007D7601 /* NSData+Base64.h */ = {isa = PBXFileReference; fileEncoding = 4; lastKnownFileType = sourcecode.c.h; path = "NSData+Base64.h"; sourceTree = "<group>"; };
		5559AD991E3DAFD5007D7601 /* NSData+Base64.m */ = {isa = PBXFileReference; fileEncoding = 4; lastKnownFileType = sourcecode.c.objc; path = "NSData+Base64.m"; sourceTree = "<group>"; };
		5559AD9A1E3DAFD5007D7601 /* NSData+CommonCrypto.h */ = {isa = PBXFileReference; fileEncoding = 4; lastKnownFileType = sourcecode.c.h; path = "NSData+CommonCrypto.h"; sourceTree = "<group>"; };
		5559AD9B1E3DAFD5007D7601 /* NSData+CommonCrypto.m */ = {isa = PBXFileReference; fileEncoding = 4; lastKnownFileType = sourcecode.c.objc; path = "NSData+CommonCrypto.m"; sourceTree = "<group>"; };
		5559AD9C1E3DAFD5007D7601 /* NSString+Base64.h */ = {isa = PBXFileReference; fileEncoding = 4; lastKnownFileType = sourcecode.c.h; path = "NSString+Base64.h"; sourceTree = "<group>"; };
		5559AD9D1E3DAFD5007D7601 /* NSString+Base64.m */ = {isa = PBXFileReference; fileEncoding = 4; lastKnownFileType = sourcecode.c.objc; path = "NSString+Base64.m"; sourceTree = "<group>"; };
/* End PBXFileReference section */

/* Begin PBXFrameworksBuildPhase section */
		5515C2361E3A219B00DCA061 /* Frameworks */ = {
			isa = PBXFrameworksBuildPhase;
			buildActionMask = 2147483647;
			files = (
			);
			runOnlyForDeploymentPostprocessing = 0;
		};
/* End PBXFrameworksBuildPhase section */

/* Begin PBXGroup section */
		5515C2301E3A219B00DCA061 = {
			isa = PBXGroup;
			children = (
				5515C23B1E3A219B00DCA061 /* UnCrackable */,
				5515C23A1E3A219B00DCA061 /* Products */,
			);
			sourceTree = "<group>";
		};
		5515C23A1E3A219B00DCA061 /* Products */ = {
			isa = PBXGroup;
			children = (
				5515C2391E3A219B00DCA061 /* UnCrackable Level 2.app */,
			);
			name = Products;
			sourceTree = "<group>";
		};
		5515C23B1E3A219B00DCA061 /* UnCrackable */ = {
			isa = PBXGroup;
			children = (
				5515C23F1E3A219B00DCA061 /* AppDelegate.h */,
				5515C2401E3A219B00DCA061 /* AppDelegate.m */,
				5515C2421E3A219B00DCA061 /* ViewController.h */,
				5515C2431E3A219B00DCA061 /* ViewController.m */,
				5559AD961E3DAFD5007D7601 /* AESCrypt.h */,
				5559AD971E3DAFD5007D7601 /* AESCrypt.m */,
				5559AD981E3DAFD5007D7601 /* NSData+Base64.h */,
				5559AD991E3DAFD5007D7601 /* NSData+Base64.m */,
				5559AD9A1E3DAFD5007D7601 /* NSData+CommonCrypto.h */,
				5559AD9B1E3DAFD5007D7601 /* NSData+CommonCrypto.m */,
				5559AD9C1E3DAFD5007D7601 /* NSString+Base64.h */,
				5559AD9D1E3DAFD5007D7601 /* NSString+Base64.m */,
				5515C2451E3A219B00DCA061 /* Main.storyboard */,
				5515C2481E3A219B00DCA061 /* Assets.xcassets */,
				5515C24A1E3A219B00DCA061 /* LaunchScreen.storyboard */,
				5515C24D1E3A219B00DCA061 /* Info.plist */,
				5515C23C1E3A219B00DCA061 /* Supporting Files */,
			);
			name = UnCrackable;
			path = UnDebuggable;
			sourceTree = "<group>";
		};
		5515C23C1E3A219B00DCA061 /* Supporting Files */ = {
			isa = PBXGroup;
			children = (
				5515C23D1E3A219B00DCA061 /* main.m */,
			);
			name = "Supporting Files";
			sourceTree = "<group>";
		};
/* End PBXGroup section */

/* Begin PBXNativeTarget section */
		5515C2381E3A219B00DCA061 /* UnCrackable Level 2 */ = {
			isa = PBXNativeTarget;
			buildConfigurationList = 5515C2501E3A219B00DCA061 /* Build configuration list for PBXNativeTarget "UnCrackable Level 2" */;
			buildPhases = (
				5515C2351E3A219B00DCA061 /* Sources */,
				5515C2361E3A219B00DCA061 /* Frameworks */,
				5515C2371E3A219B00DCA061 /* Resources */,
			);
			buildRules = (
			);
			dependencies = (
			);
			name = "UnCrackable Level 2";
			productName = UnDebuggable;
			productReference = 5515C2391E3A219B00DCA061 /* UnCrackable Level 2.app */;
			productType = "com.apple.product-type.application";
		};
/* End PBXNativeTarget section */

/* Begin PBXProject section */
		5515C2311E3A219B00DCA061 /* Project object */ = {
			isa = PBXProject;
			attributes = {
				LastUpgradeCheck = 1010;
				ORGANIZATIONNAME = "Bernhard Mueller";
				TargetAttributes = {
					5515C2381E3A219B00DCA061 = {
						CreatedOnToolsVersion = 8.2.1;
						DevelopmentTeam = LRUD9L355Y;
						ProvisioningStyle = Automatic;
					};
				};
			};
			buildConfigurationList = 5515C2341E3A219B00DCA061 /* Build configuration list for PBXProject "UnCrackable Level 2" */;
			compatibilityVersion = "Xcode 3.2";
			developmentRegion = English;
			hasScannedForEncodings = 0;
			knownRegions = (
				en,
				Base,
			);
			mainGroup = 5515C2301E3A219B00DCA061;
			productRefGroup = 5515C23A1E3A219B00DCA061 /* Products */;
			projectDirPath = "";
			projectRoot = "";
			targets = (
				5515C2381E3A219B00DCA061 /* UnCrackable Level 2 */,
			);
		};
/* End PBXProject section */

/* Begin PBXResourcesBuildPhase section */
		5515C2371E3A219B00DCA061 /* Resources */ = {
			isa = PBXResourcesBuildPhase;
			buildActionMask = 2147483647;
			files = (
				5515C24C1E3A219B00DCA061 /* LaunchScreen.storyboard in Resources */,
				5515C2491E3A219B00DCA061 /* Assets.xcassets in Resources */,
				5515C2471E3A219B00DCA061 /* Main.storyboard in Resources */,
			);
			runOnlyForDeploymentPostprocessing = 0;
		};
/* End PBXResourcesBuildPhase section */

/* Begin PBXSourcesBuildPhase section */
		5515C2351E3A219B00DCA061 /* Sources */ = {
			isa = PBXSourcesBuildPhase;
			buildActionMask = 2147483647;
			files = (
				5515C2441E3A219B00DCA061 /* ViewController.m in Sources */,
				5515C2411E3A219B00DCA061 /* AppDelegate.m in Sources */,
				5559AD9E1E3DAFD5007D7601 /* AESCrypt.m in Sources */,
				5559ADA11E3DAFD5007D7601 /* NSString+Base64.m in Sources */,
				5515C23E1E3A219B00DCA061 /* main.m in Sources */,
				5559AD9F1E3DAFD5007D7601 /* NSData+Base64.m in Sources */,
				5559ADA01E3DAFD5007D7601 /* NSData+CommonCrypto.m in Sources */,
			);
			runOnlyForDeploymentPostprocessing = 0;
		};
/* End PBXSourcesBuildPhase section */

/* Begin PBXVariantGroup section */
		5515C2451E3A219B00DCA061 /* Main.storyboard */ = {
			isa = PBXVariantGroup;
			children = (
				5515C2461E3A219B00DCA061 /* Base */,
			);
			name = Main.storyboard;
			sourceTree = "<group>";
		};
		5515C24A1E3A219B00DCA061 /* LaunchScreen.storyboard */ = {
			isa = PBXVariantGroup;
			children = (
				5515C24B1E3A219B00DCA061 /* Base */,
			);
			name = LaunchScreen.storyboard;
			sourceTree = "<group>";
		};
/* End PBXVariantGroup section */

/* Begin XCBuildConfiguration section */
		5515C24E1E3A219B00DCA061 /* Debug */ = {
			isa = XCBuildConfiguration;
			buildSettings = {
				ALWAYS_SEARCH_USER_PATHS = NO;
				CLANG_ANALYZER_NONNULL = YES;
				CLANG_CXX_LANGUAGE_STANDARD = "gnu++0x";
				CLANG_CXX_LIBRARY = "libc++";
				CLANG_ENABLE_MODULES = YES;
				CLANG_ENABLE_OBJC_ARC = YES;
				CLANG_WARN_BLOCK_CAPTURE_AUTORELEASING = YES;
				CLANG_WARN_BOOL_CONVERSION = YES;
				CLANG_WARN_COMMA = YES;
				CLANG_WARN_CONSTANT_CONVERSION = YES;
				CLANG_WARN_DEPRECATED_OBJC_IMPLEMENTATIONS = YES;
				CLANG_WARN_DIRECT_OBJC_ISA_USAGE = YES_ERROR;
				CLANG_WARN_DOCUMENTATION_COMMENTS = YES;
				CLANG_WARN_EMPTY_BODY = YES;
				CLANG_WARN_ENUM_CONVERSION = YES;
				CLANG_WARN_INFINITE_RECURSION = YES;
				CLANG_WARN_INT_CONVERSION = YES;
				CLANG_WARN_NON_LITERAL_NULL_CONVERSION = YES;
				CLANG_WARN_OBJC_IMPLICIT_RETAIN_SELF = YES;
				CLANG_WARN_OBJC_LITERAL_CONVERSION = YES;
				CLANG_WARN_OBJC_ROOT_CLASS = YES_ERROR;
				CLANG_WARN_RANGE_LOOP_ANALYSIS = YES;
				CLANG_WARN_STRICT_PROTOTYPES = YES;
				CLANG_WARN_SUSPICIOUS_MOVE = YES;
				CLANG_WARN_UNREACHABLE_CODE = YES;
				CLANG_WARN__DUPLICATE_METHOD_MATCH = YES;
				"CODE_SIGN_IDENTITY[sdk=iphoneos*]" = "iPhone Developer";
				COPY_PHASE_STRIP = NO;
				DEBUG_INFORMATION_FORMAT = dwarf;
				ENABLE_STRICT_OBJC_MSGSEND = YES;
				ENABLE_TESTABILITY = YES;
				GCC_C_LANGUAGE_STANDARD = gnu99;
				GCC_DYNAMIC_NO_PIC = NO;
				GCC_NO_COMMON_BLOCKS = YES;
				GCC_OPTIMIZATION_LEVEL = 0;
				GCC_PREPROCESSOR_DEFINITIONS = (
					"DEBUG=1",
					"$(inherited)",
				);
				GCC_WARN_64_TO_32_BIT_CONVERSION = YES;
				GCC_WARN_ABOUT_RETURN_TYPE = YES_ERROR;
				GCC_WARN_UNDECLARED_SELECTOR = YES;
				GCC_WARN_UNINITIALIZED_AUTOS = YES_AGGRESSIVE;
				GCC_WARN_UNUSED_FUNCTION = YES;
				GCC_WARN_UNUSED_VARIABLE = YES;
				IPHONEOS_DEPLOYMENT_TARGET = 10.2;
				MTL_ENABLE_DEBUG_INFO = YES;
				ONLY_ACTIVE_ARCH = YES;
				SDKROOT = iphoneos;
				TARGETED_DEVICE_FAMILY = "1,2";
			};
			name = Debug;
		};
		5515C24F1E3A219B00DCA061 /* Release */ = {
			isa = XCBuildConfiguration;
			buildSettings = {
				ALWAYS_SEARCH_USER_PATHS = NO;
				CLANG_ANALYZER_NONNULL = YES;
				CLANG_CXX_LANGUAGE_STANDARD = "gnu++0x";
				CLANG_CXX_LIBRARY = "libc++";
				CLANG_ENABLE_MODULES = YES;
				CLANG_ENABLE_OBJC_ARC = YES;
				CLANG_WARN_BLOCK_CAPTURE_AUTORELEASING = YES;
				CLANG_WARN_BOOL_CONVERSION = YES;
				CLANG_WARN_COMMA = YES;
				CLANG_WARN_CONSTANT_CONVERSION = YES;
				CLANG_WARN_DEPRECATED_OBJC_IMPLEMENTATIONS = YES;
				CLANG_WARN_DIRECT_OBJC_ISA_USAGE = YES_ERROR;
				CLANG_WARN_DOCUMENTATION_COMMENTS = YES;
				CLANG_WARN_EMPTY_BODY = YES;
				CLANG_WARN_ENUM_CONVERSION = YES;
				CLANG_WARN_INFINITE_RECURSION = YES;
				CLANG_WARN_INT_CONVERSION = YES;
				CLANG_WARN_NON_LITERAL_NULL_CONVERSION = YES;
				CLANG_WARN_OBJC_IMPLICIT_RETAIN_SELF = YES;
				CLANG_WARN_OBJC_LITERAL_CONVERSION = YES;
				CLANG_WARN_OBJC_ROOT_CLASS = YES_ERROR;
				CLANG_WARN_RANGE_LOOP_ANALYSIS = YES;
				CLANG_WARN_STRICT_PROTOTYPES = YES;
				CLANG_WARN_SUSPICIOUS_MOVE = YES;
				CLANG_WARN_UNREACHABLE_CODE = YES;
				CLANG_WARN__DUPLICATE_METHOD_MATCH = YES;
				"CODE_SIGN_IDENTITY[sdk=iphoneos*]" = "iPhone Developer";
				COPY_PHASE_STRIP = NO;
				DEBUG_INFORMATION_FORMAT = "dwarf-with-dsym";
				ENABLE_NS_ASSERTIONS = NO;
				ENABLE_STRICT_OBJC_MSGSEND = YES;
				GCC_C_LANGUAGE_STANDARD = gnu99;
				GCC_NO_COMMON_BLOCKS = YES;
				GCC_WARN_64_TO_32_BIT_CONVERSION = YES;
				GCC_WARN_ABOUT_RETURN_TYPE = YES_ERROR;
				GCC_WARN_UNDECLARED_SELECTOR = YES;
				GCC_WARN_UNINITIALIZED_AUTOS = YES_AGGRESSIVE;
				GCC_WARN_UNUSED_FUNCTION = YES;
				GCC_WARN_UNUSED_VARIABLE = YES;
				IPHONEOS_DEPLOYMENT_TARGET = 10.2;
				MTL_ENABLE_DEBUG_INFO = NO;
				SDKROOT = iphoneos;
				TARGETED_DEVICE_FAMILY = "1,2";
				VALIDATE_PRODUCT = YES;
			};
			name = Release;
		};
		5515C2511E3A219B00DCA061 /* Debug */ = {
			isa = XCBuildConfiguration;
			buildSettings = {
				ASSETCATALOG_COMPILER_APPICON_NAME = "AppIcon-1";
				ASSETCATALOG_COMPILER_LAUNCHIMAGE_NAME = LaunchImage;
				DEVELOPMENT_TEAM = LRUD9L355Y;
				INFOPLIST_FILE = UnDebuggable/Info.plist;
				IPHONEOS_DEPLOYMENT_TARGET = 8.0;
				LD_RUNPATH_SEARCH_PATHS = "$(inherited) @executable_path/Frameworks";
				PRODUCT_BUNDLE_IDENTIFIER = "sg.vp.UnCrackable-2";
				PRODUCT_NAME = "$(TARGET_NAME)";
			};
			name = Debug;
		};
		5515C2521E3A219B00DCA061 /* Release */ = {
			isa = XCBuildConfiguration;
			buildSettings = {
				ASSETCATALOG_COMPILER_APPICON_NAME = "AppIcon-1";
				ASSETCATALOG_COMPILER_LAUNCHIMAGE_NAME = LaunchImage;
				DEVELOPMENT_TEAM = LRUD9L355Y;
				INFOPLIST_FILE = UnDebuggable/Info.plist;
				IPHONEOS_DEPLOYMENT_TARGET = 8.0;
				LD_RUNPATH_SEARCH_PATHS = "$(inherited) @executable_path/Frameworks";
				PRODUCT_BUNDLE_IDENTIFIER = "sg.vp.UnCrackable-2";
				PRODUCT_NAME = "$(TARGET_NAME)";
			};
			name = Release;
		};
/* End XCBuildConfiguration section */

/* Begin XCConfigurationList section */
		5515C2341E3A219B00DCA061 /* Build configuration list for PBXProject "UnCrackable Level 2" */ = {
			isa = XCConfigurationList;
			buildConfigurations = (
				5515C24E1E3A219B00DCA061 /* Debug */,
				5515C24F1E3A219B00DCA061 /* Release */,
			);
			defaultConfigurationIsVisible = 0;
			defaultConfigurationName = Release;
		};
		5515C2501E3A219B00DCA061 /* Build configuration list for PBXNativeTarget "UnCrackable Level 2" */ = {
			isa = XCConfigurationList;
			buildConfigurations = (
				5515C2511E3A219B00DCA061 /* Debug */,
				5515C2521E3A219B00DCA061 /* Release */,
			);
			defaultConfigurationIsVisible = 0;
			defaultConfigurationName = Release;
		};
/* End XCConfigurationList section */
	};
	rootObject = 5515C2311E3A219B00DCA061 /* Project object */;
}
